
Microsoft Visual Studio Solution File, Format Version 12.00
# Visual Studio Version 17
VisualStudioVersion = 17.4.33122.133
MinimumVisualStudioVersion = 10.0.40219.1
Project("{9A19103F-16F7-4668-BE54-9A1E7A4F7556}") = "MinApiTrayIcon", "MinApiTrayIcon.csproj", "{45479A12-D8A9-4DBE-9F44-1FC8BED51BA0}"
EndProject
Global
	GlobalSection(SolutionConfigurationPlatforms) = preSolution
		Debug|Any CPU = Debug|Any CPU
		Release|Any CPU = Release|Any CPU
	EndGlobalSection
	GlobalSection(ProjectConfigurationPlatforms) = postSolution
		{45479A12-D8A9-4DBE-9F44-1FC8BED51BA0}.Debug|Any CPU.ActiveCfg = Debug|Any CPU
		{45479A12-D8A9-4DBE-9F44-1FC8BED51BA0}.Debug|Any CPU.Build.0 = Debug|Any CPU
		{45479A12-D8A9-4DBE-9F44-1FC8BED51BA0}.Release|Any CPU.ActiveCfg = Release|Any CPU
		{45479A12-D8A9-4DBE-9F44-1FC8BED51BA0}.Release|Any CPU.Build.0 = Release|Any CPU
	EndGlobalSection
	GlobalSection(SolutionProperties) = preSolution
		HideSolutionNode = FALSE
	EndGlobalSection
	GlobalSection(ExtensibilityGlobals) = postSolution
		SolutionGuid = {5F936AB1-1871-4EFA-BB01-F3A9880DDEC5}
	EndGlobalSection
EndGlobal
